
Microsoft Visual Studio Solution File, Format Version 11.00
# Visual Studio 2010
Project("{FAE04EC0-301F-11D3-BF4B-00C04F79EFBC}") = "WpfControlsLibrary", "WpfControlsLibrary\WpfControlsLibrary.csproj", "{F401EF3D-3A87-4EA9-939E-AEF48F116E86}"
EndProject
Global
	GlobalSection(TeamFoundationVersionControl) = preSolution
		SccNumberOfProjects = 2
		SccEnterpriseProvider = {4CA58AB2-18FA-4F8D-95D4-32DDF27D184C}
		SccTeamFoundationServer = https://tfs.codeplex.com/tfs/tfs14
		SccLocalPath0 = .
		SccProjectUniqueName1 = WpfControlsLibrary\\WpfControlsLibrary.csproj
		SccProjectName1 = WpfControlsLibrary
		SccLocalPath1 = WpfControlsLibrary
	EndGlobalSection
	GlobalSection(SolutionConfigurationPlatforms) = preSolution
		Debug|Any CPU = Debug|Any CPU
		Release|Any CPU = Release|Any CPU
	EndGlobalSection
	GlobalSection(ProjectConfigurationPlatforms) = postSolution
		{F401EF3D-3A87-4EA9-939E-AEF48F116E86}.Debug|Any CPU.ActiveCfg = Debug|Any CPU
		{F401EF3D-3A87-4EA9-939E-AEF48F116E86}.Debug|Any CPU.Build.0 = Debug|Any CPU
		{F401EF3D-3A87-4EA9-939E-AEF48F116E86}.Release|Any CPU.ActiveCfg = Release|Any CPU
		{F401EF3D-3A87-4EA9-939E-AEF48F116E86}.Release|Any CPU.Build.0 = Release|Any CPU
	EndGlobalSection
	GlobalSection(SolutionProperties) = preSolution
		HideSolutionNode = FALSE
	EndGlobalSection
EndGlobal
