
Microsoft Visual Studio Solution File, Format Version 11.00
# Visual Studio 2010
Project("{FAE04EC0-301F-11D3-BF4B-00C04F79EFBC}") = "WpfControlsLibrary", "WpfControlsLibrary\WpfControlsLibrary.csproj", "{F401EF3D-3A87-4EA9-939E-AEF48F116E86}"
EndProject
Project("{FAE04EC0-301F-11D3-BF4B-00C04F79EFBC}") = "WpfControlsLibrary.Demo", "WpfControlsLibrary.Demo\WpfControlsLibrary.Demo.csproj", "{89A1D32D-A2B8-4DAD-B924-A6DFE647FD2E}"
EndProject
Global
	GlobalSection(TeamFoundationVersionControl) = preSolution
		SccNumberOfProjects = 3
		SccEnterpriseProvider = {4CA58AB2-18FA-4F8D-95D4-32DDF27D184C}
		SccTeamFoundationServer = https://tfs.codeplex.com/tfs/tfs14
		SccLocalPath0 = .
		SccProjectUniqueName1 = WpfControlsLibrary\\WpfControlsLibrary.csproj
		SccProjectName1 = WpfControlsLibrary
		SccLocalPath1 = WpfControlsLibrary
		SccProjectUniqueName2 = WpfControlsLibrary.Demo\\WpfControlsLibrary.Demo.csproj
		SccProjectName2 = WpfControlsLibrary.Demo
		SccLocalPath2 = WpfControlsLibrary.Demo
	EndGlobalSection
	GlobalSection(SolutionConfigurationPlatforms) = preSolution
		Debug|Any CPU = Debug|Any CPU
		Debug|Mixed Platforms = Debug|Mixed Platforms
		Debug|x86 = Debug|x86
		Release|Any CPU = Release|Any CPU
		Release|Mixed Platforms = Release|Mixed Platforms
		Release|x86 = Release|x86
	EndGlobalSection
	GlobalSection(ProjectConfigurationPlatforms) = postSolution
		{F401EF3D-3A87-4EA9-939E-AEF48F116E86}.Debug|Any CPU.ActiveCfg = Debug|Any CPU
		{F401EF3D-3A87-4EA9-939E-AEF48F116E86}.Debug|Any CPU.Build.0 = Debug|Any CPU
		{F401EF3D-3A87-4EA9-939E-AEF48F116E86}.Debug|Mixed Platforms.ActiveCfg = Debug|Any CPU
		{F401EF3D-3A87-4EA9-939E-AEF48F116E86}.Debug|Mixed Platforms.Build.0 = Debug|Any CPU
		{F401EF3D-3A87-4EA9-939E-AEF48F116E86}.Debug|x86.ActiveCfg = Debug|Any CPU
		{F401EF3D-3A87-4EA9-939E-AEF48F116E86}.Release|Any CPU.ActiveCfg = Release|Any CPU
		{F401EF3D-3A87-4EA9-939E-AEF48F116E86}.Release|Any CPU.Build.0 = Release|Any CPU
		{F401EF3D-3A87-4EA9-939E-AEF48F116E86}.Release|Mixed Platforms.ActiveCfg = Release|Any CPU
		{F401EF3D-3A87-4EA9-939E-AEF48F116E86}.Release|Mixed Platforms.Build.0 = Release|Any CPU
		{F401EF3D-3A87-4EA9-939E-AEF48F116E86}.Release|x86.ActiveCfg = Release|Any CPU
		{89A1D32D-A2B8-4DAD-B924-A6DFE647FD2E}.Debug|Any CPU.ActiveCfg = Debug|x86
		{89A1D32D-A2B8-4DAD-B924-A6DFE647FD2E}.Debug|Mixed Platforms.ActiveCfg = Debug|x86
		{89A1D32D-A2B8-4DAD-B924-A6DFE647FD2E}.Debug|Mixed Platforms.Build.0 = Debug|x86
		{89A1D32D-A2B8-4DAD-B924-A6DFE647FD2E}.Debug|x86.ActiveCfg = Debug|x86
		{89A1D32D-A2B8-4DAD-B924-A6DFE647FD2E}.Debug|x86.Build.0 = Debug|x86
		{89A1D32D-A2B8-4DAD-B924-A6DFE647FD2E}.Release|Any CPU.ActiveCfg = Release|x86
		{89A1D32D-A2B8-4DAD-B924-A6DFE647FD2E}.Release|Mixed Platforms.ActiveCfg = Release|x86
		{89A1D32D-A2B8-4DAD-B924-A6DFE647FD2E}.Release|Mixed Platforms.Build.0 = Release|x86
		{89A1D32D-A2B8-4DAD-B924-A6DFE647FD2E}.Release|x86.ActiveCfg = Release|x86
		{89A1D32D-A2B8-4DAD-B924-A6DFE647FD2E}.Release|x86.Build.0 = Release|x86
	EndGlobalSection
	GlobalSection(SolutionProperties) = preSolution
		HideSolutionNode = FALSE
	EndGlobalSection
EndGlobal
